<?xml version="1.0" encoding="utf-8"?>
<Project DefaultTargets="Build" ToolsVersion="4.0" xmlns="http://schemas.microsoft.com/developer/msbuild/2003">
  <ItemGroup>
    <Filter Include="源文件">
      <UniqueIdentifier>{f46e4af4-03d8-4d5a-b84b-aefc5714fa2a}</UniqueIdentifier>
      <Extensions>cpp;c;cc;cxx;def;odl;idl;hpj;bat;asm;asmx</Extensions>
    </Filter>
    <Filter Include="头文件">
      <UniqueIdentifier>{3b7f6b89-0a44-487e-b2de-fcb10a01720f}</UniqueIdentifier>
      <Extensions>h;hpp;hxx;hm;inl;inc;xsd</Extensions>
    </Filter>
    <Filter Include="项目说明">
      <UniqueIdentifier>{a657e837-3514-4eb1-9e91-c7ae197f62dd}</UniqueIdentifier>
      <Extensions>txt</Extensions>
    </Filter>
    <Filter Include="源文件\System">
      <UniqueIdentifier>{2c46f379-b25d-4843-b57b-e641f5d60eeb}</UniqueIdentifier>
    </Filter>
    <Filter Include="源文件\User">
      <UniqueIdentifier>{3c318f3c-f645-47e0-b3fe-b82fb2f1e9e9}</UniqueIdentifier>
    </Filter>
    <Filter Include="源文件\Hwa">
      <UniqueIdentifier>{cfb90771-e2fe-41ee-b57f-230891b2d480}</UniqueIdentifier>
    </Filter>
    <Filter Include="源文件\Driver">
      <UniqueIdentifier>{85ac2ac1-0b39-4f85-90a5-ab9f25a62348}</UniqueIdentifier>
    </Filter>
    <Filter Include="源文件\App">
      <UniqueIdentifier>{6569f658-3af7-4bc8-9119-942b4f91cc06}</UniqueIdentifier>
    </Filter>
  </ItemGroup>
  <ItemGroup>
    <ClCompile Include="..\..\System\sys_core.c">
      <Filter>源文件\System</Filter>
    </ClCompile>
    <ClCompile Include="..\..\System\sys_cpu.c">
      <Filter>源文件\System</Filter>
    </ClCompile>
    <ClCompile Include="..\..\System\sys_task.c">
      <Filter>源文件\System</Filter>
    </ClCompile>
    <ClCompile Include="..\..\System\sys_eeprom.c">
      <Filter>源文件\System</Filter>
    </ClCompile>
    <ClCompile Include="..\..\System\sys_delay.c">
      <Filter>源文件\System</Filter>
    </ClCompile>
    <ClCompile Include="..\..\User\main.c">
      <Filter>源文件\User</Filter>
    </ClCompile>
    <ClCompile Include="..\..\Hwa\hwa_mifare.c">
      <Filter>源文件\Hwa</Filter>
    </ClCompile>
    <ClCompile Include="..\..\Hwa\hwa_eeprom.c">
      <Filter>源文件\Hwa</Filter>
    </ClCompile>
    <ClCompile Include="..\..\Hwa\hwa_eeprom_cfg.c">
      <Filter>源文件\Hwa</Filter>
    </ClCompile>
    <ClCompile Include="..\..\Drivers\mifare.c">
      <Filter>源文件\Driver</Filter>
    </ClCompile>
    <ClCompile Include="..\..\Drivers\drive_buzzer.c">
      <Filter>源文件\Driver</Filter>
    </ClCompile>
    <ClCompile Include="..\..\Drivers\drive_led.c">
      <Filter>源文件\Driver</Filter>
    </ClCompile>
    <ClCompile Include="..\..\Drivers\drive_relay.c">
      <Filter>源文件\Driver</Filter>
    </ClCompile>
    <ClCompile Include="..\..\App\app_brush.c">
      <Filter>源文件\App</Filter>
    </ClCompile>
    <ClCompile Include="..\..\App\app_config.c">
      <Filter>源文件\App</Filter>
    </ClCompile>
    <ClCompile Include="..\..\App\app_time.c">
      <Filter>源文件\App</Filter>
    </ClCompile>
    <ClCompile Include="..\..\System\sys_uart.c">
      <Filter>源文件\System</Filter>
    </ClCompile>
    <ClCompile Include="..\..\App\app_adc.c">
      <Filter>源文件\App</Filter>
    </ClCompile>
    <ClCompile Include="..\..\App\app_test.c">
      <Filter>源文件\App</Filter>
    </ClCompile>
    <ClCompile Include="..\..\System\sys_adc.c">
      <Filter>源文件\System</Filter>
    </ClCompile>
  </ItemGroup>
  <ItemGroup>
    <Text Include="..\Build.log">
      <Filter>项目说明</Filter>
    </Text>
  </ItemGroup>
</Project>